<?xml version="1.0" encoding="utf-8"?>
<Project ToolsVersion="4.0" xmlns="http://schemas.microsoft.com/developer/msbuild/2003">
  <ItemGroup>
    <Filter Include="Header Files">
      <UniqueIdentifier>{21EB8090-0D4E-1035-B6D3-48EBA215DCB7}</UniqueIdentifier>
    </Filter>
    <Filter Include="Source Files">
      <UniqueIdentifier>{E9C7FDCE-D52A-8D73-7EB0-C5296AF258F6}</UniqueIdentifier>
    </Filter>
  </ItemGroup>
  <ItemGroup>
    <ClInclude Include="PUGIXML\pugiconfig.hpp">
      <Filter>Header Files</Filter>
    </ClInclude>
    <ClInclude Include="PUGIXML\pugixml.hpp">
      <Filter>Header Files</Filter>
    </ClInclude>
    <ClInclude Include="include\game.h">
      <Filter>Header Files</Filter>
    </ClInclude>
    <ClInclude Include="include\loading.h">
      <Filter>Header Files</Filter>
    </ClInclude>
    <ClInclude Include="include\main.h">
      <Filter>Header Files</Filter>
    </ClInclude>
    <ClInclude Include="include\map.h">
      <Filter>Header Files</Filter>
    </ClInclude>
    <ClInclude Include="include\pause.h">
      <Filter>Header Files</Filter>
    </ClInclude>
    <ClInclude Include="include\resource_ids.h">
      <Filter>Header Files</Filter>
    </ClInclude>
    <ClInclude Include="include\screens.h">
      <Filter>Header Files</Filter>
    </ClInclude>
    <ClInclude Include="include\sprites.h">
      <Filter>Header Files</Filter>
    </ClInclude>
    <ClInclude Include="include\tile_map.h">
      <Filter>Header Files</Filter>
    </ClInclude>
    <ClInclude Include="include\game_hud.h">
      <Filter>Header Files</Filter>
    </ClInclude>
    <ClInclude Include="include\items.h">
      <Filter>Header Files</Filter>
    </ClInclude>
    <ClInclude Include="include\treasure.h">
      <Filter>Header Files</Filter>
    </ClInclude>
    <ClInclude Include="include\monsters.h">
      <Filter>Header Files</Filter>
    </ClInclude>
    <ClInclude Include="include\combat.h">
      <Filter>Header Files</Filter>
    </ClInclude>
    <ClInclude Include="include\audio.h">
      <Filter>Header Files</Filter>
    </ClInclude>
  </ItemGroup>
  <ItemGroup>
    <ClCompile Include="PUGIXML\pugixml.cpp">
      <Filter>Source Files</Filter>
    </ClCompile>
    <ClCompile Include="game.cpp">
      <Filter>Source Files</Filter>
    </ClCompile>
    <ClCompile Include="loading.cpp">
      <Filter>Source Files</Filter>
    </ClCompile>
    <ClCompile Include="main.cpp">
      <Filter>Source Files</Filter>
    </ClCompile>
    <ClCompile Include="map.cpp">
      <Filter>Source Files</Filter>
    </ClCompile>
    <ClCompile Include="pause.cpp">
      <Filter>Source Files</Filter>
    </ClCompile>
    <ClCompile Include="screens.cpp">
      <Filter>Source Files</Filter>
    </ClCompile>
    <ClCompile Include="sprites.cpp">
      <Filter>Source Files</Filter>
    </ClCompile>
    <ClCompile Include="tile_map_drawing.cpp">
      <Filter>Source Files</Filter>
    </ClCompile>
    <ClCompile Include="tile_map_io.cpp">
      <Filter>Source Files</Filter>
    </ClCompile>
    <ClCompile Include="game_hud.cpp">
      <Filter>Source Files</Filter>
    </ClCompile>
    <ClCompile Include="items.cpp">
      <Filter>Source Files</Filter>
    </ClCompile>
    <ClCompile Include="treasure.cpp">
      <Filter>Source Files</Filter>
    </ClCompile>
    <ClCompile Include="monsters.cpp">
      <Filter>Source Files</Filter>
    </ClCompile>
    <ClCompile Include="audio.cpp">
      <Filter>Source Files</Filter>
    </ClCompile>
    <ClCompile Include="combat.cpp">
      <Filter>Source Files</Filter>
    </ClCompile>
  </ItemGroup>
</Project>