<?xml version="1.0" encoding="utf-8"?>
<Project ToolsVersion="4.0" xmlns="http://schemas.microsoft.com/developer/msbuild/2003">
  <ItemGroup>
    <Filter Include="Header Files">
      <UniqueIdentifier>{21EB8090-0D4E-1035-B6D3-48EBA215DCB7}</UniqueIdentifier>
    </Filter>
    <Filter Include="Header Files\PUGIXML">
      <UniqueIdentifier>{365F048A-22EE-8D53-CB0C-A24EB77A9EF9}</UniqueIdentifier>
    </Filter>
    <Filter Include="Source Files">
      <UniqueIdentifier>{E9C7FDCE-D52A-8D73-7EB0-C5296AF258F6}</UniqueIdentifier>
    </Filter>
    <Filter Include="Source Files\PUGIXML">
      <UniqueIdentifier>{FE83D576-EA12-5F40-9331-733B7F9F6FE6}</UniqueIdentifier>
    </Filter>
  </ItemGroup>
  <ItemGroup>
    <ClInclude Include="..\RPG\PUGIXML\pugiconfig.hpp">
      <Filter>Header Files\PUGIXML</Filter>
    </ClInclude>
    <ClInclude Include="..\RPG\PUGIXML\pugixml.hpp">
      <Filter>Header Files\PUGIXML</Filter>
    </ClInclude>
    <ClInclude Include="..\RPG\include\audio.h">
      <Filter>Header Files</Filter>
    </ClInclude>
    <ClInclude Include="..\RPG\include\combat.h">
      <Filter>Header Files</Filter>
    </ClInclude>
    <ClInclude Include="..\RPG\include\game.h">
      <Filter>Header Files</Filter>
    </ClInclude>
    <ClInclude Include="..\RPG\include\game_hud.h">
      <Filter>Header Files</Filter>
    </ClInclude>
    <ClInclude Include="..\RPG\include\items.h">
      <Filter>Header Files</Filter>
    </ClInclude>
    <ClInclude Include="..\RPG\include\loading.h">
      <Filter>Header Files</Filter>
    </ClInclude>
    <ClInclude Include="..\RPG\include\main.h">
      <Filter>Header Files</Filter>
    </ClInclude>
    <ClInclude Include="..\RPG\include\map.h">
      <Filter>Header Files</Filter>
    </ClInclude>
    <ClInclude Include="..\RPG\include\monsters.h">
      <Filter>Header Files</Filter>
    </ClInclude>
    <ClInclude Include="..\RPG\include\pause.h">
      <Filter>Header Files</Filter>
    </ClInclude>
    <ClInclude Include="..\RPG\include\resource_ids.h">
      <Filter>Header Files</Filter>
    </ClInclude>
    <ClInclude Include="..\RPG\include\screens.h">
      <Filter>Header Files</Filter>
    </ClInclude>
    <ClInclude Include="..\RPG\include\sprites.h">
      <Filter>Header Files</Filter>
    </ClInclude>
    <ClInclude Include="..\RPG\include\tile_map.h">
      <Filter>Header Files</Filter>
    </ClInclude>
    <ClInclude Include="..\RPG\include\treasure.h">
      <Filter>Header Files</Filter>
    </ClInclude>
  </ItemGroup>
  <ItemGroup>
    <ClCompile Include="..\RPG\PUGIXML\pugixml.cpp">
      <Filter>Source Files\PUGIXML</Filter>
    </ClCompile>
    <ClCompile Include="..\RPG\audio.cpp">
      <Filter>Source Files</Filter>
    </ClCompile>
    <ClCompile Include="..\RPG\combat.cpp">
      <Filter>Source Files</Filter>
    </ClCompile>
    <ClCompile Include="..\RPG\game.cpp">
      <Filter>Source Files</Filter>
    </ClCompile>
    <ClCompile Include="..\RPG\game_hud.cpp">
      <Filter>Source Files</Filter>
    </ClCompile>
    <ClCompile Include="..\RPG\items.cpp">
      <Filter>Source Files</Filter>
    </ClCompile>
    <ClCompile Include="..\RPG\loading.cpp">
      <Filter>Source Files</Filter>
    </ClCompile>
    <ClCompile Include="..\RPG\main.cpp">
      <Filter>Source Files</Filter>
    </ClCompile>
    <ClCompile Include="..\RPG\map.cpp">
      <Filter>Source Files</Filter>
    </ClCompile>
    <ClCompile Include="..\RPG\monsters.cpp">
      <Filter>Source Files</Filter>
    </ClCompile>
    <ClCompile Include="..\RPG\pause.cpp">
      <Filter>Source Files</Filter>
    </ClCompile>
    <ClCompile Include="..\RPG\screens.cpp">
      <Filter>Source Files</Filter>
    </ClCompile>
    <ClCompile Include="..\RPG\sprites.cpp">
      <Filter>Source Files</Filter>
    </ClCompile>
    <ClCompile Include="..\RPG\tile_map_drawing.cpp">
      <Filter>Source Files</Filter>
    </ClCompile>
    <ClCompile Include="..\RPG\tile_map_io.cpp">
      <Filter>Source Files</Filter>
    </ClCompile>
    <ClCompile Include="..\RPG\treasure.cpp">
      <Filter>Source Files</Filter>
    </ClCompile>
  </ItemGroup>
</Project>